<Solution>
  <Project Path="ConsoleApp/ConsoleApp.csproj" />
  <Project Path="Dignus.Actor.Core/Dignus.Actor.Core.csproj" Id="767ccd48-6841-4617-a98c-688d49b4cb5c" />
  <Project Path="Dignus.Actor.Network/Dignus.Actor.Network.csproj" Id="2cc0c5ca-97f2-4887-a5d9-92601d0562ab" />
  <Project Path="Dignus.ActorServer/Dignus.ActorServer.csproj" Id="d8d5d280-8f15-499a-bf9c-7e8981dcc5a7" />
</Solution>
